
Microsoft Visual Studio Solution File, Format Version 12.00
Project("{2150E333-8FDC-42A3-9474-1A3956D46DE8}") = "Akka.Samples.Cluster", "Akka.Samples.Cluster", "{DA595488-4D53-4299-9131-C0682838B643}"
EndProject
Project("{FAE04EC0-301F-11D3-BF4B-00C04F79EFBC}") = "Akka.Samples.Cluster.Actors", "Akka.Samples.Cluster.Actors\Akka.Samples.Cluster.Actors.csproj", "{EC813FD6-73A5-486E-B451-1F8B6C973269}"
EndProject
Project("{FAE04EC0-301F-11D3-BF4B-00C04F79EFBC}") = "Akka.Samples.Cluster.Common", "Akka.Samples.Cluster.Common\Akka.Samples.Cluster.Common.csproj", "{BB90632A-ED84-41D0-8F1C-C0A38C1FF3E6}"
EndProject
Project("{FAE04EC0-301F-11D3-BF4B-00C04F79EFBC}") = "Akka.Samples.Cluster.Seed", "Akka.Samples.Cluster.Seed\Akka.Samples.Cluster.Seed.csproj", "{8A05DB8B-9402-4866-BB9F-8DD6E8EA6922}"
EndProject
Project("{FAE04EC0-301F-11D3-BF4B-00C04F79EFBC}") = "Akka.Samples.Cluster.SenderNode", "Akka.Samples.Cluster.SenderNode\Akka.Samples.Cluster.SenderNode.csproj", "{20F80AAB-4462-4A8A-8CAF-202B788D2CD3}"
EndProject
Project("{FAE04EC0-301F-11D3-BF4B-00C04F79EFBC}") = "Akka.Samples.Cluster.WorkNode", "Akka.Samples.Cluster.WorkNode\Akka.Samples.Cluster.WorkNode.csproj", "{C77EC5ED-AFD2-459F-8262-7BC31FF08C8F}"
EndProject
Project("{FAE04EC0-301F-11D3-BF4B-00C04F79EFBC}") = "Akka.Samples.ClusterClient", "Akka.Samples.ClusterClient\Akka.Samples.ClusterClient.csproj", "{3961CC1D-28E8-4F1C-A128-AA94BD649704}"
EndProject
Project("{2150E333-8FDC-42A3-9474-1A3956D46DE8}") = "external", "external", "{52B60D8A-7461-45DA-B959-3E8271A14061}"
EndProject
Project("{FAE04EC0-301F-11D3-BF4B-00C04F79EFBC}") = "DigTP.Sdk.Tracing.Common", "..\..\..\Work\source\DigTP.Pkg\DigTP.Sdk.Tracing.Common\DigTP.Sdk.Tracing.Common.csproj", "{607B0FF4-5ADA-49CA-BD00-C0CC21380A5C}"
EndProject
Project("{FAE04EC0-301F-11D3-BF4B-00C04F79EFBC}") = "DigTP.Sdk.AkkaMediator.Common", "..\..\..\Work\source\DigTP.Pkg\DigTP.Sdk.AkkaMediator.Common\DigTP.Sdk.AkkaMediator.Common.csproj", "{9D55252B-C10C-4DBF-A5AD-8211F4D45748}"
EndProject
Project("{FAE04EC0-301F-11D3-BF4B-00C04F79EFBC}") = "Akka.Samples.Cluster.ClientRouter", "Akka.Samples.Cluster.ClientRouter\Akka.Samples.Cluster.ClientRouter.csproj", "{CA55628A-F8A3-4564-A5D4-ADB56FC20A29}"
EndProject
Global
	GlobalSection(SolutionConfigurationPlatforms) = preSolution
		Debug|Any CPU = Debug|Any CPU
		Release|Any CPU = Release|Any CPU
	EndGlobalSection
	GlobalSection(ProjectConfigurationPlatforms) = postSolution
		{EC813FD6-73A5-486E-B451-1F8B6C973269}.Debug|Any CPU.ActiveCfg = Debug|Any CPU
		{EC813FD6-73A5-486E-B451-1F8B6C973269}.Debug|Any CPU.Build.0 = Debug|Any CPU
		{EC813FD6-73A5-486E-B451-1F8B6C973269}.Release|Any CPU.ActiveCfg = Release|Any CPU
		{EC813FD6-73A5-486E-B451-1F8B6C973269}.Release|Any CPU.Build.0 = Release|Any CPU
		{BB90632A-ED84-41D0-8F1C-C0A38C1FF3E6}.Debug|Any CPU.ActiveCfg = Debug|Any CPU
		{BB90632A-ED84-41D0-8F1C-C0A38C1FF3E6}.Debug|Any CPU.Build.0 = Debug|Any CPU
		{BB90632A-ED84-41D0-8F1C-C0A38C1FF3E6}.Release|Any CPU.ActiveCfg = Release|Any CPU
		{BB90632A-ED84-41D0-8F1C-C0A38C1FF3E6}.Release|Any CPU.Build.0 = Release|Any CPU
		{8A05DB8B-9402-4866-BB9F-8DD6E8EA6922}.Debug|Any CPU.ActiveCfg = Debug|Any CPU
		{8A05DB8B-9402-4866-BB9F-8DD6E8EA6922}.Debug|Any CPU.Build.0 = Debug|Any CPU
		{8A05DB8B-9402-4866-BB9F-8DD6E8EA6922}.Release|Any CPU.ActiveCfg = Release|Any CPU
		{8A05DB8B-9402-4866-BB9F-8DD6E8EA6922}.Release|Any CPU.Build.0 = Release|Any CPU
		{20F80AAB-4462-4A8A-8CAF-202B788D2CD3}.Debug|Any CPU.ActiveCfg = Debug|Any CPU
		{20F80AAB-4462-4A8A-8CAF-202B788D2CD3}.Debug|Any CPU.Build.0 = Debug|Any CPU
		{20F80AAB-4462-4A8A-8CAF-202B788D2CD3}.Release|Any CPU.ActiveCfg = Release|Any CPU
		{20F80AAB-4462-4A8A-8CAF-202B788D2CD3}.Release|Any CPU.Build.0 = Release|Any CPU
		{C77EC5ED-AFD2-459F-8262-7BC31FF08C8F}.Debug|Any CPU.ActiveCfg = Debug|Any CPU
		{C77EC5ED-AFD2-459F-8262-7BC31FF08C8F}.Debug|Any CPU.Build.0 = Debug|Any CPU
		{C77EC5ED-AFD2-459F-8262-7BC31FF08C8F}.Release|Any CPU.ActiveCfg = Release|Any CPU
		{C77EC5ED-AFD2-459F-8262-7BC31FF08C8F}.Release|Any CPU.Build.0 = Release|Any CPU
		{3961CC1D-28E8-4F1C-A128-AA94BD649704}.Debug|Any CPU.ActiveCfg = Debug|Any CPU
		{3961CC1D-28E8-4F1C-A128-AA94BD649704}.Debug|Any CPU.Build.0 = Debug|Any CPU
		{3961CC1D-28E8-4F1C-A128-AA94BD649704}.Release|Any CPU.ActiveCfg = Release|Any CPU
		{3961CC1D-28E8-4F1C-A128-AA94BD649704}.Release|Any CPU.Build.0 = Release|Any CPU
		{607B0FF4-5ADA-49CA-BD00-C0CC21380A5C}.Debug|Any CPU.ActiveCfg = Debug|Any CPU
		{607B0FF4-5ADA-49CA-BD00-C0CC21380A5C}.Debug|Any CPU.Build.0 = Debug|Any CPU
		{607B0FF4-5ADA-49CA-BD00-C0CC21380A5C}.Release|Any CPU.ActiveCfg = Release|Any CPU
		{607B0FF4-5ADA-49CA-BD00-C0CC21380A5C}.Release|Any CPU.Build.0 = Release|Any CPU
		{9D55252B-C10C-4DBF-A5AD-8211F4D45748}.Debug|Any CPU.ActiveCfg = Debug|Any CPU
		{9D55252B-C10C-4DBF-A5AD-8211F4D45748}.Debug|Any CPU.Build.0 = Debug|Any CPU
		{9D55252B-C10C-4DBF-A5AD-8211F4D45748}.Release|Any CPU.ActiveCfg = Release|Any CPU
		{9D55252B-C10C-4DBF-A5AD-8211F4D45748}.Release|Any CPU.Build.0 = Release|Any CPU
		{CA55628A-F8A3-4564-A5D4-ADB56FC20A29}.Debug|Any CPU.ActiveCfg = Debug|Any CPU
		{CA55628A-F8A3-4564-A5D4-ADB56FC20A29}.Debug|Any CPU.Build.0 = Debug|Any CPU
		{CA55628A-F8A3-4564-A5D4-ADB56FC20A29}.Release|Any CPU.ActiveCfg = Release|Any CPU
		{CA55628A-F8A3-4564-A5D4-ADB56FC20A29}.Release|Any CPU.Build.0 = Release|Any CPU
	EndGlobalSection
	GlobalSection(NestedProjects) = preSolution
		{EC813FD6-73A5-486E-B451-1F8B6C973269} = {DA595488-4D53-4299-9131-C0682838B643}
		{BB90632A-ED84-41D0-8F1C-C0A38C1FF3E6} = {DA595488-4D53-4299-9131-C0682838B643}
		{8A05DB8B-9402-4866-BB9F-8DD6E8EA6922} = {DA595488-4D53-4299-9131-C0682838B643}
		{20F80AAB-4462-4A8A-8CAF-202B788D2CD3} = {DA595488-4D53-4299-9131-C0682838B643}
		{C77EC5ED-AFD2-459F-8262-7BC31FF08C8F} = {DA595488-4D53-4299-9131-C0682838B643}
		{607B0FF4-5ADA-49CA-BD00-C0CC21380A5C} = {52B60D8A-7461-45DA-B959-3E8271A14061}
		{9D55252B-C10C-4DBF-A5AD-8211F4D45748} = {52B60D8A-7461-45DA-B959-3E8271A14061}
		{CA55628A-F8A3-4564-A5D4-ADB56FC20A29} = {DA595488-4D53-4299-9131-C0682838B643}
	EndGlobalSection
EndGlobal
